// !$*UTF8*$!
{
	archiveVersion = 1;
	classes = {
	};
	objectVersion = 46;
	objects = {

/* Begin PBXBuildFile section */
		D53A23EA1D06248E00443C97 /* AppDelegate.swift in Sources */ = {isa = PBXBuildFile; fileRef = D53A23E91D06248E00443C97 /* AppDelegate.swift */; };
		D53A23EC1D06248E00443C97 /* ViewController.swift in Sources */ = {isa = PBXBuildFile; fileRef = D53A23EB1D06248E00443C97 /* ViewController.swift */; };
		D53A23EF1D06248E00443C97 /* Main.storyboard in Resources */ = {isa = PBXBuildFile; fileRef = D53A23ED1D06248E00443C97 /* Main.storyboard */; };
		D53A23F11D06248E00443C97 /* Assets.xcassets in Resources */ = {isa = PBXBuildFile; fileRef = D53A23F01D06248E00443C97 /* Assets.xcassets */; };
		D53A23F41D06248E00443C97 /* LaunchScreen.storyboard in Resources */ = {isa = PBXBuildFile; fileRef = D53A23F21D06248E00443C97 /* LaunchScreen.storyboard */; };
/* End PBXBuildFile section */

/* Begin PBXFileReference section */
		D53A23E61D06248E00443C97 /* Times Table.app */ = {isa = PBXFileReference; explicitFileType = wrapper.application; includeInIndex = 0; path = "Times Table.app"; sourceTree = BUILT_PRODUCTS_DIR; };
		D53A23E91D06248E00443C97 /* AppDelegate.swift */ = {isa = PBXFileReference; lastKnownFileType = sourcecode.swift; path = AppDelegate.swift; sourceTree = "<group>"; };
		D53A23EB1D06248E00443C97 /* ViewController.swift */ = {isa = PBXFileReference; lastKnownFileType = sourcecode.swift; path = ViewController.swift; sourceTree = "<group>"; };
		D53A23EE1D06248E00443C97 /* Base */ = {isa = PBXFileReference; lastKnownFileType = file.storyboard; name = Base; path = Base.lproj/Main.storyboard; sourceTree = "<group>"; };
		D53A23F01D06248E00443C97 /* Assets.xcassets */ = {isa = PBXFileReference; lastKnownFileType = folder.assetcatalog; path = Assets.xcassets; sourceTree = "<group>"; };
		D53A23F31D06248E00443C97 /* Base */ = {isa = PBXFileReference; lastKnownFileType = file.storyboard; name = Base; path = Base.lproj/LaunchScreen.storyboard; sourceTree = "<group>"; };
		D53A23F51D06248E00443C97 /* Info.plist */ = {isa = PBXFileReference; lastKnownFileType = text.plist.xml; path = Info.plist; sourceTree = "<group>"; };
/* End PBXFileReference section */

/* Begin PBXFrameworksBuildPhase section */
		D53A23E31D06248E00443C97 /* Frameworks */ = {
			isa = PBXFrameworksBuildPhase;
			buildActionMask = 2147483647;
			files = (
			);
			runOnlyForDeploymentPostprocessing = 0;
		};
/* End PBXFrameworksBuildPhase section */

/* Begin PBXGroup section */
		D53A23DD1D06248E00443C97 = {
			isa = PBXGroup;
			children = (
				D53A23E81D06248E00443C97 /* Times Table */,
				D53A23E71D06248E00443C97 /* Products */,
			);
			sourceTree = "<group>";
		};
		D53A23E71D06248E00443C97 /* Products */ = {
			isa = PBXGroup;
			children = (
				D53A23E61D06248E00443C97 /* Times Table.app */,
			);
			name = Products;
			sourceTree = "<group>";
		};
		D53A23E81D06248E00443C97 /* Times Table */ = {
			isa = PBXGroup;
			children = (
				D53A23E91D06248E00443C97 /* AppDelegate.swift */,
				D53A23EB1D06248E00443C97 /* ViewController.swift */,
				D53A23ED1D06248E00443C97 /* Main.storyboard */,
				D53A23F01D06248E00443C97 /* Assets.xcassets */,
				D53A23F21D06248E00443C97 /* LaunchScreen.storyboard */,
				D53A23F51D06248E00443C97 /* Info.plist */,
			);
			path = "Times Table";
			sourceTree = "<group>";
		};
/* End PBXGroup section */

/* Begin PBXNativeTarget section */
		D53A23E51D06248E00443C97 /* Times Table */ = {
			isa = PBXNativeTarget;
			buildConfigurationList = D53A23F81D06248E00443C97 /* Build configuration list for PBXNativeTarget "Times Table" */;
			buildPhases = (
				D53A23E21D06248E00443C97 /* Sources */,
				D53A23E31D06248E00443C97 /* Frameworks */,
				D53A23E41D06248E00443C97 /* Resources */,
			);
			buildRules = (
			);
			dependencies = (
			);
			name = "Times Table";
			productName = "Times Table";
			productReference = D53A23E61D06248E00443C97 /* Times Table.app */;
			productType = "com.apple.product-type.application";
		};
/* End PBXNativeTarget section */

/* Begin PBXProject section */
		D53A23DE1D06248E00443C97 /* Project object */ = {
			isa = PBXProject;
			attributes = {
				LastSwiftUpdateCheck = 0730;
				LastUpgradeCheck = 0730;
				ORGANIZATIONNAME = Italyte;
				TargetAttributes = {
					D53A23E51D06248E00443C97 = {
						CreatedOnToolsVersion = 7.3.1;
					};
				};
			};
			buildConfigurationList = D53A23E11D06248E00443C97 /* Build configuration list for PBXProject "Times Table" */;
			compatibilityVersion = "Xcode 3.2";
			developmentRegion = English;
			hasScannedForEncodings = 0;
			knownRegions = (
				en,
				Base,
			);
			mainGroup = D53A23DD1D06248E00443C97;
			productRefGroup = D53A23E71D06248E00443C97 /* Products */;
			projectDirPath = "";
			projectRoot = "";
			targets = (
				D53A23E51D06248E00443C97 /* Times Table */,
			);
		};
/* End PBXProject section */

/* Begin PBXResourcesBuildPhase section */
		D53A23E41D06248E00443C97 /* Resources */ = {
			isa = PBXResourcesBuildPhase;
			buildActionMask = 2147483647;
			files = (
				D53A23F41D06248E00443C97 /* LaunchScreen.storyboard in Resources */,
				D53A23F11D06248E00443C97 /* Assets.xcassets in Resources */,
				D53A23EF1D06248E00443C97 /* Main.storyboard in Resources */,
			);
			runOnlyForDeploymentPostprocessing = 0;
		};
/* End PBXResourcesBuildPhase section */

/* Begin PBXSourcesBuildPhase section */
		D53A23E21D06248E00443C97 /* Sources */ = {
			isa = PBXSourcesBuildPhase;
			buildActionMask = 2147483647;
			files = (
				D53A23EC1D06248E00443C97 /* ViewController.swift in Sources */,
				D53A23EA1D06248E00443C97 /* AppDelegate.swift in Sources */,
			);
			runOnlyForDeploymentPostprocessing = 0;
		};
/* End PBXSourcesBuildPhase section */

/* Begin PBXVariantGroup section */
		D53A23ED1D06248E00443C97 /* Main.storyboard */ = {
			isa = PBXVariantGroup;
			children = (
				D53A23EE1D06248E00443C97 /* Base */,
			);
			name = Main.storyboard;
			sourceTree = "<group>";
		};
		D53A23F21D06248E00443C97 /* LaunchScreen.storyboard */ = {
			isa = PBXVariantGroup;
			children = (
				D53A23F31D06248E00443C97 /* Base */,
			);
			name = LaunchScreen.storyboard;
			sourceTree = "<group>";
		};
/* End PBXVariantGroup section */

/* Begin XCBuildConfiguration section */
		D53A23F61D06248E00443C97 /* Debug */ = {
			isa = XCBuildConfiguration;
			buildSettings = {
				ALWAYS_SEARCH_USER_PATHS = NO;
				CLANG_ANALYZER_NONNULL = YES;
				CLANG_CXX_LANGUAGE_STANDARD = "gnu++0x";
				CLANG_CXX_LIBRARY = "libc++";
				CLANG_ENABLE_MODULES = YES;
				CLANG_ENABLE_OBJC_ARC = YES;
				CLANG_WARN_BOOL_CONVERSION = YES;
				CLANG_WARN_CONSTANT_CONVERSION = YES;
				CLANG_WARN_DIRECT_OBJC_ISA_USAGE = YES_ERROR;
				CLANG_WARN_EMPTY_BODY = YES;
				CLANG_WARN_ENUM_CONVERSION = YES;
				CLANG_WARN_INT_CONVERSION = YES;
				CLANG_WARN_OBJC_ROOT_CLASS = YES_ERROR;
				CLANG_WARN_UNREACHABLE_CODE = YES;
				CLANG_WARN__DUPLICATE_METHOD_MATCH = YES;
				"CODE_SIGN_IDENTITY[sdk=iphoneos*]" = "iPhone Developer";
				COPY_PHASE_STRIP = NO;
				DEBUG_INFORMATION_FORMAT = dwarf;
				ENABLE_STRICT_OBJC_MSGSEND = YES;
				ENABLE_TESTABILITY = YES;
				GCC_C_LANGUAGE_STANDARD = gnu99;
				GCC_DYNAMIC_NO_PIC = NO;
				GCC_NO_COMMON_BLOCKS = YES;
				GCC_OPTIMIZATION_LEVEL = 0;
				GCC_PREPROCESSOR_DEFINITIONS = (
					"DEBUG=1",
					"$(inherited)",
				);
				GCC_WARN_64_TO_32_BIT_CONVERSION = YES;
				GCC_WARN_ABOUT_RETURN_TYPE = YES_ERROR;
				GCC_WARN_UNDECLARED_SELECTOR = YES;
				GCC_WARN_UNINITIALIZED_AUTOS = YES_AGGRESSIVE;
				GCC_WARN_UNUSED_FUNCTION = YES;
				GCC_WARN_UNUSED_VARIABLE = YES;
				IPHONEOS_DEPLOYMENT_TARGET = 9.3;
				MTL_ENABLE_DEBUG_INFO = YES;
				ONLY_ACTIVE_ARCH = YES;
				SDKROOT = iphoneos;
				SWIFT_OPTIMIZATION_LEVEL = "-Onone";
			};
			name = Debug;
		};
		D53A23F71D06248E00443C97 /* Release */ = {
			isa = XCBuildConfiguration;
			buildSettings = {
				ALWAYS_SEARCH_USER_PATHS = NO;
				CLANG_ANALYZER_NONNULL = YES;
				CLANG_CXX_LANGUAGE_STANDARD = "gnu++0x";
				CLANG_CXX_LIBRARY = "libc++";
				CLANG_ENABLE_MODULES = YES;
				CLANG_ENABLE_OBJC_ARC = YES;
				CLANG_WARN_BOOL_CONVERSION = YES;
				CLANG_WARN_CONSTANT_CONVERSION = YES;
				CLANG_WARN_DIRECT_OBJC_ISA_USAGE = YES_ERROR;
				CLANG_WARN_EMPTY_BODY = YES;
				CLANG_WARN_ENUM_CONVERSION = YES;
				CLANG_WARN_INT_CONVERSION = YES;
				CLANG_WARN_OBJC_ROOT_CLASS = YES_ERROR;
				CLANG_WARN_UNREACHABLE_CODE = YES;
				CLANG_WARN__DUPLICATE_METHOD_MATCH = YES;
				"CODE_SIGN_IDENTITY[sdk=iphoneos*]" = "iPhone Developer";
				COPY_PHASE_STRIP = NO;
				DEBUG_INFORMATION_FORMAT = "dwarf-with-dsym";
				ENABLE_NS_ASSERTIONS = NO;
				ENABLE_STRICT_OBJC_MSGSEND = YES;
				GCC_C_LANGUAGE_STANDARD = gnu99;
				GCC_NO_COMMON_BLOCKS = YES;
				GCC_WARN_64_TO_32_BIT_CONVERSION = YES;
				GCC_WARN_ABOUT_RETURN_TYPE = YES_ERROR;
				GCC_WARN_UNDECLARED_SELECTOR = YES;
				GCC_WARN_UNINITIALIZED_AUTOS = YES_AGGRESSIVE;
				GCC_WARN_UNUSED_FUNCTION = YES;
				GCC_WARN_UNUSED_VARIABLE = YES;
				IPHONEOS_DEPLOYMENT_TARGET = 9.3;
				MTL_ENABLE_DEBUG_INFO = NO;
				SDKROOT = iphoneos;
				VALIDATE_PRODUCT = YES;
			};
			name = Release;
		};
		D53A23F91D06248E00443C97 /* Debug */ = {
			isa = XCBuildConfiguration;
			buildSettings = {
				ASSETCATALOG_COMPILER_APPICON_NAME = AppIcon;
				INFOPLIST_FILE = "Times Table/Info.plist";
				LD_RUNPATH_SEARCH_PATHS = "$(inherited) @executable_path/Frameworks";
				PRODUCT_BUNDLE_IDENTIFIER = "com.Italyte.Times-Table";
				PRODUCT_NAME = "$(TARGET_NAME)";
			};
			name = Debug;
		};
		D53A23FA1D06248E00443C97 /* Release */ = {
			isa = XCBuildConfiguration;
			buildSettings = {
				ASSETCATALOG_COMPILER_APPICON_NAME = AppIcon;
				INFOPLIST_FILE = "Times Table/Info.plist";
				LD_RUNPATH_SEARCH_PATHS = "$(inherited) @executable_path/Frameworks";
				PRODUCT_BUNDLE_IDENTIFIER = "com.Italyte.Times-Table";
				PRODUCT_NAME = "$(TARGET_NAME)";
			};
			name = Release;
		};
/* End XCBuildConfiguration section */

/* Begin XCConfigurationList section */
		D53A23E11D06248E00443C97 /* Build configuration list for PBXProject "Times Table" */ = {
			isa = XCConfigurationList;
			buildConfigurations = (
				D53A23F61D06248E00443C97 /* Debug */,
				D53A23F71D06248E00443C97 /* Release */,
			);
			defaultConfigurationIsVisible = 0;
			defaultConfigurationName = Release;
		};
		D53A23F81D06248E00443C97 /* Build configuration list for PBXNativeTarget "Times Table" */ = {
			isa = XCConfigurationList;
			buildConfigurations = (
				D53A23F91D06248E00443C97 /* Debug */,
				D53A23FA1D06248E00443C97 /* Release */,
			);
			defaultConfigurationIsVisible = 0;
		};
/* End XCConfigurationList section */
	};
	rootObject = D53A23DE1D06248E00443C97 /* Project object */;
}
